
Microsoft Visual Studio Solution File, Format Version 12.00
# Visual Studio Version 17
VisualStudioVersion = 17.5.002.0
MinimumVisualStudioVersion = 10.0.40219.1
Project("{9A19103F-16F7-4668-BE54-9A1E7A4F7556}") = "ConversaoTemperatura", "ConversaoTemperatura.csproj", "{660F7E70-1A51-451B-A670-126512875426}"
EndProject
Global
	GlobalSection(SolutionConfigurationPlatforms) = preSolution
		Debug|Any CPU = Debug|Any CPU
		Release|Any CPU = Release|Any CPU
	EndGlobalSection
	GlobalSection(ProjectConfigurationPlatforms) = postSolution
		{660F7E70-1A51-451B-A670-126512875426}.Debug|Any CPU.ActiveCfg = Debug|Any CPU
		{660F7E70-1A51-451B-A670-126512875426}.Debug|Any CPU.Build.0 = Debug|Any CPU
		{660F7E70-1A51-451B-A670-126512875426}.Release|Any CPU.ActiveCfg = Release|Any CPU
		{660F7E70-1A51-451B-A670-126512875426}.Release|Any CPU.Build.0 = Release|Any CPU
	EndGlobalSection
	GlobalSection(SolutionProperties) = preSolution
		HideSolutionNode = FALSE
	EndGlobalSection
	GlobalSection(ExtensibilityGlobals) = postSolution
		SolutionGuid = {0E4EE116-5123-4006-9468-011827CE44A2}
	EndGlobalSection
EndGlobal
